
Microsoft Visual Studio Solution File, Format Version 12.00
# Visual Studio Version 16
VisualStudioVersion = 16.0.30717.126
MinimumVisualStudioVersion = 10.0.40219.1
Project("{FAE04EC0-301F-11D3-BF4B-00C04F79EFBC}") = "Generation_Management_System", "Generation_Management_System\Generation_Management_System.csproj", "{68180ECB-4704-460A-9334-785B4B5C26C9}"
EndProject
Global
	GlobalSection(SolutionConfigurationPlatforms) = preSolution
		Debug|Any CPU = Debug|Any CPU
		Release|Any CPU = Release|Any CPU
	EndGlobalSection
	GlobalSection(ProjectConfigurationPlatforms) = postSolution
		{68180ECB-4704-460A-9334-785B4B5C26C9}.Debug|Any CPU.ActiveCfg = Debug|Any CPU
		{68180ECB-4704-460A-9334-785B4B5C26C9}.Debug|Any CPU.Build.0 = Debug|Any CPU
		{68180ECB-4704-460A-9334-785B4B5C26C9}.Release|Any CPU.ActiveCfg = Release|Any CPU
		{68180ECB-4704-460A-9334-785B4B5C26C9}.Release|Any CPU.Build.0 = Release|Any CPU
	EndGlobalSection
	GlobalSection(SolutionProperties) = preSolution
		HideSolutionNode = FALSE
	EndGlobalSection
	GlobalSection(ExtensibilityGlobals) = postSolution
		SolutionGuid = {732AF0BE-3C32-4DB6-A0FE-6FEC1C6A14D6}
	EndGlobalSection
EndGlobal
